# THIS IS AN AUTOGENERATED FILE. DO NOT EDIT THIS FILE DIRECTLY.
# yarn lockfile v1


"@types/http-errors@^1.8.0":
  version "1.8.0"
  resolved "https://registry.yarnpkg.com/@types/http-errors/-/http-errors-1.8.0.tgz#682477dbbbd07cd032731cb3b0e7eaee3d026b69"
  integrity sha512-2aoSC4UUbHDj2uCsCxcG/vRMXey/m17bC7UwitVm5hn22nI8O8Y9iDpA76Orc+DWkQ4zZrOKEshCqR/jSuXAHA==
